
Microsoft Visual Studio Solution File, Format Version 12.00
# Visual Studio Version 17
VisualStudioVersion = 17.8.34309.116
MinimumVisualStudioVersion = 10.0.40219.1
Project("{FAE04EC0-301F-11D3-BF4B-00C04F79EFBC}") = "Super-Stomper_Monogame", "Super-Stomper_Monogame\Super-Stomper_Monogame.csproj", "{231E1FEF-58E0-4F65-ABD6-0E8857FB06A0}"
EndProject
Global
	GlobalSection(SolutionConfigurationPlatforms) = preSolution
		Debug|Any CPU = Debug|Any CPU
		Release|Any CPU = Release|Any CPU
	EndGlobalSection
	GlobalSection(ProjectConfigurationPlatforms) = postSolution
		{231E1FEF-58E0-4F65-ABD6-0E8857FB06A0}.Debug|Any CPU.ActiveCfg = Debug|Any CPU
		{231E1FEF-58E0-4F65-ABD6-0E8857FB06A0}.Debug|Any CPU.Build.0 = Debug|Any CPU
		{231E1FEF-58E0-4F65-ABD6-0E8857FB06A0}.Release|Any CPU.ActiveCfg = Release|Any CPU
		{231E1FEF-58E0-4F65-ABD6-0E8857FB06A0}.Release|Any CPU.Build.0 = Release|Any CPU
	EndGlobalSection
	GlobalSection(SolutionProperties) = preSolution
		HideSolutionNode = FALSE
	EndGlobalSection
	GlobalSection(ExtensibilityGlobals) = postSolution
		SolutionGuid = {83E3F121-BA8E-425B-A958-01AC314D3B3A}
	EndGlobalSection
EndGlobal
